lockfileVersion: '9.0'

settings:
  autoInstallPeers: true
  excludeLinksFromLockfile: false

importers:

  .:
    dependencies:
      '@bpmn-io/form-js-editor':
        specifier: ^1.21.2
        version: 1.21.2
      '@bpmn-io/form-js-viewer':
        specifier: ^1.21.2
        version: 1.21.2
    devDependencies:
      '@axe-core/playwright':
        specifier: ^4.11.2
        version: 4.11.2(playwright-core@1.59.1)
      js-yaml:
        specifier: ^4.1.1
        version: 4.1.1
      license-checker-rseidelsohn:
        specifier: ^4.4.2
        version: 4.4.2
      typescript:
        specifier: ^5.6.0
        version: 5.9.3

packages:

  '@axe-core/playwright@4.11.2':
    resolution: {integrity: sha512-iP6hfNl9G0j/SEUSo8M7D80RbcDo9KRAAfDP4IT5OHB+Wm6zUHIrm8Y51BKI+Oyqduvipf9u1hcRy57zCBKzWQ==}
    peerDependencies:
      playwright-core: '>= 1.0.0'

  '@bpmn-io/cm-theme@0.1.0-alpha.2':
    resolution: {integrity: sha512-ZILgiYzxk3KMvxplUXmdRFQo45/JehDPg5k9tWfehmzUOSE13ssyLPil8uCloMQnb3yyzyOWTjb/wzKXTHlFQw==}

  '@bpmn-io/draggle@4.1.2':
    resolution: {integrity: sha512-k7Al5tZA5GZ6KvrsuJ+PFleB3y9WUgEr4KErD6t82Uw1SMn6IK3dXFLhwLxxzga4IrmTGke7wZWdqg6vGOxoTw==}

  '@bpmn-io/feel-editor@2.5.2':
    resolution: {integrity: sha512-pxbhUDAlLe+zDAvmG7Y057o8rnVImKYEbgjH4+zZiq3WjPw5bZYu2kraJfpWMs3xkyOCvLR6H3J3f8yJRuHmgw==}
    engines: {node: '>= 20'}

  '@bpmn-io/feel-lint@3.1.0':
    resolution: {integrity: sha512-nOCYWMXgwR0joU4XKhu4f3P5f4/AsmuyiV1e+fzcXTCh7iMLU8VYdHXSIzZuJ0zxz3Gsnp7A8S8lt+HJ43H6IA==}

  '@bpmn-io/feelin@6.1.0':
    resolution: {integrity: sha512-nqmmlHRD9tl0ZcpYTEkZdpc/rAMoYc+ct0SOg9fFIFWRaEApme3DuXC7v9AMA5g+upGCKd6cUc3t97y+unpfMw==}
    engines: {node: '>= 20.12.0'}

  '@bpmn-io/form-js-editor@1.21.2':
    resolution: {integrity: sha512-vmsCE34Ww+s7ifIDNH864idHQXMrbZSLjHhotXEdkRQbUQPip2IxSLxcG+4/Kf9KXq+lstjhMKEEOfjsSNBMmw==}

  '@bpmn-io/form-js-viewer@1.21.2':
    resolution: {integrity: sha512-OBzKSNw6zyQOHrUniV4d8JABZhSR9i74tcfOQqhnbgVnqu63WuiLSDEzZlYNFB/H4+jW9mi60lMzti557GptzQ==}

  '@bpmn-io/lang-feel@3.0.0':
    resolution: {integrity: sha512-t/k0z5AW18J7Qz2i/bIFAlvlcS63RuyQB9OQ0YiC1WyMosxXRAnv98LHnVbwirx9vje1DLll85tkBT2B8KLjmQ==}
    engines: {node: '>= 20.12.0'}

  '@bpmn-io/lezer-feel@2.3.2':
    resolution: {integrity: sha512-wVNCG2BAo6BxRszhy9Oe3/dN5IyVHklvqg88mJXAz0+3NywP3FF8zE/HcFo4iu6TuqCr4Uuoqpi0wbe5r+tQWQ==}
    engines: {node: '>= 20.12.0'}

  '@bpmn-io/properties-panel@3.40.6':
    resolution: {integrity: sha512-lviXOp3z99BmdOoTazW13M6s4CyuCveygHL4g8v1z6Tp6rar4irBS//DggNLWha26Ae6vUfvHPnwcNjuHsNDjg==}

  '@camunda/feel-builtins@1.1.0':
    resolution: {integrity: sha512-aBIGrXkURxDxBulrkaF1AOV261RSyukA5UWGRgDiULvlJ+P6/dYX7boBuO8Be9OP/hjAjZoTbK1kKcuqfCp7ng==}

  '@carbon/grid@11.53.0':
    resolution: {integrity: sha512-Swm2v62cTDi+FNPO5mXempbAiCJb/Esh+ZfIfDKbhCGzgxwqrBpZwoZxM1BE/vhKTvo7a++wDMTj/ycftTTJKQ==}

  '@carbon/icons@11.78.0':
    resolution: {integrity: sha512-EWqJbFSSpV0UTc8/9SiTzPcEcqmryKwospDyzC0+nFIrCtlZPFuma2jpdoiJ87TMCx/Bm1pD5lGqucxuMZkwnQ==}

  '@carbon/layout@11.51.0':
    resolution: {integrity: sha512-V+D6jOZMXlYMDdppHTMvmQB46CnAKwA8OjDt7EX9lNbRbaig/fLfqbtTWM4rgy7VjyOqsDOBMVzyffiiz5HPzQ==}

  '@codemirror/autocomplete@6.20.1':
    resolution: {integrity: sha512-1cvg3Vz1dSSToCNlJfRA2WSI4ht3K+WplO0UMOgmUYPivCyy2oueZY6Lx7M9wThm7SDUBViRmuT+OG/i8+ON9A==}

  '@codemirror/commands@6.10.3':
    resolution: {integrity: sha512-JFRiqhKu+bvSkDLI+rUhJwSxQxYb759W5GBezE8Uc8mHLqC9aV/9aTC7yJSqCtB3F00pylrLCwnyS91Ap5ej4Q==}

  '@codemirror/language@6.12.3':
    resolution: {integrity: sha512-QwCZW6Tt1siP37Jet9Tb02Zs81TQt6qQrZR2H+eGMcFsL1zMrk2/b9CLC7/9ieP1fjIUMgviLWMmgiHoJrj+ZA==}

  '@codemirror/lint@6.9.5':
    resolution: {integrity: sha512-GElsbU9G7QT9xXhpUg1zWGmftA/7jamh+7+ydKRuT0ORpWS3wOSP0yT1FOlIZa7mIJjpVPipErsyvVqB9cfTFA==}

  '@codemirror/state@6.6.0':
    resolution: {integrity: sha512-4nbvra5R5EtiCzr9BTHiTLc+MLXK2QGiAVYMyi8PkQd3SR+6ixar/Q/01Fa21TBIDOZXgeWV4WppsQolSreAPQ==}

  '@codemirror/view@6.41.0':
    resolution: {integrity: sha512-6H/qadXsVuDY219Yljhohglve8xf4B8xJkVOEWfA5uiYKiTFppjqsvsfR5iPA0RbvRBoOyTZpbLIxe9+0UR8xA==}

  '@ibm/telemetry-js@1.11.0':
    resolution: {integrity: sha512-RO/9j+URJnSfseWg9ZkEX9p+a3Ousd33DBU7rOafoZB08RqdzxFVYJ2/iM50dkBuD0o7WX7GYt1sLbNgCoE+pA==}
    hasBin: true

  '@isaacs/cliui@8.0.2':
    resolution: {integrity: sha512-O8jcjabXaleOG9DQ0+ARXWZBTfnP4WNAqzuiJK7ll44AmxGKv/J2M4TPjxjY3znBCfvBXFzucm1twdyFybFqEA==}
    engines: {node: '>=12'}

  '@lezer/common@1.5.2':
    resolution: {integrity: sha512-sxQE460fPZyU3sdc8lafxiPwJHBzZRy/udNFynGQky1SePYBdhkBl1kOagA9uT3pxR8K09bOrmTUqA9wb/PjSQ==}

  '@lezer/highlight@1.2.3':
    resolution: {integrity: sha512-qXdH7UqTvGfdVBINrgKhDsVTJTxactNNxLk7+UMwZhU13lMHaOBlJe9Vqp907ya56Y3+ed2tlqzys7jDkTmW0g==}

  '@lezer/lr@1.4.10':
    resolution: {integrity: sha512-rnCpTIBafOx4mRp43xOxDJbFipJm/c0cia/V5TiGlhmMa+wsSdoGmUN3w5Bqrks/09Q/D4tNAmWaT8p6NRi77A==}

  '@lezer/markdown@1.6.3':
    resolution: {integrity: sha512-jpGm5Ps+XErS+xA4urw7ogEGkeZOahVQF21Z6oECF0sj+2liwZopd2+I8uH5I/vZsRuuze3OxBREIANLf6KKUw==}

  '@marijn/find-cluster-break@1.0.2':
    resolution: {integrity: sha512-l0h88YhZFyKdXIFNfSWpyjStDjGHwZ/U7iobcK1cQQD8sejsONdQtTVU+1wVN1PBw40PiiHB1vA5S7VTfQiP9g==}

  '@npmcli/fs@3.1.1':
    resolution: {integrity: sha512-q9CRWjpHCMIh5sVyefoD1cA7PkvILqCZsnSOEUUivORLjxCO/Irmue2DprETiNgEqktDBZaM1Bi+jrarx1XdCg==}
    engines: {node: ^14.17.0 || ^16.13.0 || >=18.0.0}

  '@pkgjs/parseargs@0.11.0':
    resolution: {integrity: sha512-+1VkjdD0QBLPodGrJUeqarH8VAIvQODIbwh9XpP5Syisf7YoQgsJKPNFoqqLQlu+VQ/tVSshMR6loPMn8U+dPg==}
    engines: {node: '>=14'}

  '@types/trusted-types@2.0.7':
    resolution: {integrity: sha512-ScaPdn1dQczgbl0QFTeTOmVHFULt394XJgOQNoyVhZ6r2vLnMLJfBPd53SB52T/3G36VI1/g2MZaX0cwDuXsfw==}

  abbrev@2.0.0:
    resolution: {integrity: sha512-6/mh1E2u2YgEsCHdY0Yx5oW+61gZU+1vXaoiHHrpKeuRNNgFvS+/jrwHiQhB5apAf5oB7UB7E19ol2R2LKH8hQ==}
    engines: {node: ^14.17.0 || ^16.13.0 || >=18.0.0}

  ansi-regex@5.0.1:
    resolution: {integrity: sha512-quJQXlTSUGL2LH9SUXo8VwsY4soanhgo6LNSm84E1LBcE8s3O0wpdiRzyR9z/ZZJMlMWv37qOOb9pdJlMUEKFQ==}
    engines: {node: '>=8'}

  ansi-regex@6.2.2:
    resolution: {integrity: sha512-Bq3SmSpyFHaWjPk8If9yc6svM8c56dB5BAtW4Qbw5jHTwwXXcTLoRMkpDJp6VL0XzlWaCHTXrkFURMYmD0sLqg==}
    engines: {node: '>=12'}

  ansi-styles@4.3.0:
    resolution: {integrity: sha512-zbB9rCJAT1rbjiVDb2hqKFHNYLxgtk8NURxZ3IZwD3F6NtxbXZQCnnSi1Lkx+IDohdPlFp222wVALIheZJQSEg==}
    engines: {node: '>=8'}

  ansi-styles@6.2.3:
    resolution: {integrity: sha512-4Dj6M28JB+oAH8kFkTLUo+a2jwOFkuqb3yucU0CANcRRUbxS0cP0nZYCGjcc3BNXwRIsUVmDGgzawme7zvJHvg==}
    engines: {node: '>=12'}

  argparse@2.0.1:
    resolution: {integrity: sha512-8+9WqebbFzpX9OR+Wa6O29asIogeRMzcGtAINdpMHHyAg10f05aSFVBbcEqGf/PXw1EjAZ+q2/bEBg3DvurK3Q==}

  array-find-index@1.0.2:
    resolution: {integrity: sha512-M1HQyIXcBGtVywBt8WVdim+lrNaK7VHp99Qt5pSNziXznKHViIBbXWtfRTpEFpF/c4FdfxNAsCCwPp5phBYJtw==}
    engines: {node: '>=0.10.0'}

  array-move@4.0.0:
    resolution: {integrity: sha512-+RY54S8OuVvg94THpneQvFRmqWdAHeqtMzgMW6JNurHxe8rsS07cHQdfGkXnTUXiBcyZ0j3SiDIxxj0RPiqCkQ==}
    engines: {node: ^12.20.0 || ^14.13.1 || >=16.0.0}

  atoa@1.0.0:
    resolution: {integrity: sha512-VVE1H6cc4ai+ZXo/CRWoJiHXrA1qfA31DPnx6D20+kSI547hQN5Greh51LQ1baMRMfxO5K5M4ImMtZbZt2DODQ==}

  axe-core@4.11.3:
    resolution: {integrity: sha512-zBQouZixDTbo3jMGqHKyePxYxr1e5W8UdTmBQ7sNtaA9M2bE32daxxPLS/jojhKOHxQ7LWwPjfiwf/fhaJWzlg==}
    engines: {node: '>=4'}

  balanced-match@1.0.2:
    resolution: {integrity: sha512-3oSeUO0TMV67hN1AmbXsK4yaqU7tjiHlbxRDZOpH0KW9+CeX4bRAaX0Anxt0tx2MrpRpWwQaPwIlISEJhYU5Pw==}

  big.js@7.0.1:
    resolution: {integrity: sha512-iFgV784tD8kq4ccF1xtNMZnXeZzVuXWWM+ERFzKQjv+A5G9HC8CY3DuV45vgzFFcW+u2tIvmF95+AzWgs6BjCg==}

  brace-expansion@2.1.0:
    resolution: {integrity: sha512-TN1kCZAgdgweJhWWpgKYrQaMNHcDULHkWwQIspdtjV4Y5aurRdZpjAqn6yX3FPqTA9ngHCc4hJxMAMgGfve85w==}

  chalk@4.1.2:
    resolution: {integrity: sha512-oKnbhFyRIXpUuez8iBMmyEa4nbj4IOQyuhc/wy9kY7/WVPcwIO9VA668Pu8RkO7+0G76SLROeyw9CpQ061i4mA==}
    engines: {node: '>=10'}

  classnames@2.5.1:
    resolution: {integrity: sha512-saHYOzhIQs6wy2sVxTM6bUDsQO4F50V9RQ22qBpEdCW+I+/Wmke2HOl6lS6dTpdxVhb88/I6+Hs+438c3lfUow==}

  color-convert@2.0.1:
    resolution: {integrity: sha512-RRECPsj7iu/xb5oKYcsFHSppFNnsj/52OVTRKb4zP5onXwVF3zVmmToNcOfGC+CRDpfK/U584fMg38ZHCaElKQ==}
    engines: {node: '>=7.0.0'}

  color-name@1.1.4:
    resolution: {integrity: sha512-dOy+3AuW3a2wNbZHIuMZpTcgjGuLU/uBL/ubcZF9OXbDo8ff4O8yVp5Bf0efS8uEoYo5q4Fx7dY9OgQGXgAsQA==}

  contra@1.9.4:
    resolution: {integrity: sha512-N9ArHAqwR/lhPq4OdIAwH4e1btn6EIZMAz4TazjnzCiVECcWUPTma+dRAM38ERImEJBh8NiCCpjoQruSZ+agYg==}

  crelt@1.0.6:
    resolution: {integrity: sha512-VQ2MBenTq1fWZUH9DJNGti7kKv6EeAuYr3cLwxUWhIu1baTaXh4Ib5W2CqHVqib4/MqbYGJqiL3Zb8GJZr3l4g==}

  cross-spawn@7.0.6:
    resolution: {integrity: sha512-uV2QOWP2nWzsy2aMp8aRibhi9dlzF5Hgh5SHaB9OiTGEyDTiJJyx0uy51QXdyWbtAHNua4XJzUKca3OzKUd3vA==}
    engines: {node: '>= 8'}

  debug@4.4.3:
    resolution: {integrity: sha512-RGwwWnwQvkVfavKVt22FGLw+xYSdzARwm0ru6DhTVA3umU5hZc28V3kO4stgYryrTlLpuvgI9GiijltAjNbcqA==}
    engines: {node: '>=6.0'}
    peerDependencies:
      supports-color: '*'
    peerDependenciesMeta:
      supports-color:
        optional: true

  didi@11.0.0:
    resolution: {integrity: sha512-PzCfRzQttvFpVcYMbSF7h8EsWjeJpVjWH4qDhB5LkMi1ILvHq4Ob0vhM2wLFziPkbUBi+PAo7ODbe2sacR7nJQ==}
    engines: {node: '>= 20.12'}

  domify@3.0.0:
    resolution: {integrity: sha512-bs2yO68JDFOm6rKv8f0EnrM2cENduhRkpqOtt/s5l5JBA/eqGBZCzLPmdYoHtJ6utgLGgcBajFsEQbl12pT0lQ==}
    engines: {node: '>=20'}

  dompurify@3.4.0:
    resolution: {integrity: sha512-nolgK9JcaUXMSmW+j1yaSvaEaoXYHwWyGJlkoCTghc97KgGDDSnpoU/PlEnw63Ah+TGKFOyY+X5LnxaWbCSfXg==}

  eastasianwidth@0.2.0:
    resolution: {integrity: sha512-I88TYZWc9XiYHRQ4/3c5rjjfgkjhLyW2luGIheGERbNQ6OY7yTybanSpDXZa8y7VUP9YmDcYa+eyq4ca7iLqWA==}

  emoji-regex@8.0.0:
    resolution: {integrity: sha512-MSjYzcWNOA0ewAHpz0MxpYFvwg6yjy1NG3xteoqz644VCo/RPgnr1/GGt+ic3iJTzQ8Eu3TdM14SawnVUmGE6A==}

  emoji-regex@9.2.2:
    resolution: {integrity: sha512-L18DaJsXSUk2+42pv8mLs5jJT2hqFkFE4j21wOmgbUqsZ2hL72NsUU785g9RXgo3s0ZNgVl42TiHp3ZtOv/Vyg==}

  feelers@1.5.1:
    resolution: {integrity: sha512-LKIAqtScSfy55Tw62DhBcxIT3k2XnppzWrkmGfsbdad0a+TxMfaLF1CSYhoVRF5FvPAUXvor1Ux/75wtBaDYpA==}

  flatpickr@4.6.13:
    resolution: {integrity: sha512-97PMG/aywoYpB4IvbvUJi0RQi8vearvU0oov1WW3k0WZPBMrTQVqekSX5CjSG/M4Q3i6A/0FKXC7RyAoAUUSPw==}

  focus-trap@8.0.1:
    resolution: {integrity: sha512-9ptSG6z51YQOstI/oN4XuVGP/03u2nh0g//qz7L6zX0i6PZiPnkcf3GenXq7N2hZnASXaMxTPpbKwdI+PFvxlw==}

  foreground-child@3.3.1:
    resolution: {integrity: sha512-gIXjKqtFuWEgzFRJA9WCQeSJLZDjgJUOMCMzxtvFq/37KojM1BFGufqsCy0r4qSQmYLsZYMeyRqzIWOMup03sw==}
    engines: {node: '>=14'}

  function-bind@1.1.2:
    resolution: {integrity: sha512-7XHNxH7qX9xG5mIwxkhumTox/MIRNcOgDrxWsMt2pAr23WHp6MrRlN7FBSFpCpr+oVO0F744iUgR82nJMfG2SA==}

  glob@10.5.0:
    resolution: {integrity: sha512-DfXN8DfhJ7NH3Oe7cFmu3NCu1wKbkReJ8TorzSAFbSKrlNaQSKfIzqYqVY8zlbs2NLBbWpRiU52GX2PbaBVNkg==}
    deprecated: Old versions of glob are not supported, and contain widely publicized security vulnerabilities, which have been fixed in the current version. Please update. Support for old versions may be purchased (at exorbitant rates) by contacting i@izs.me
    hasBin: true

  graceful-fs@4.2.11:
    resolution: {integrity: sha512-RbJ5/jmFcNNCcDV5o9eTnBLJ/HszWV0P73bc+Ff4nS/rJj+YaS6IGyiOL0VoBYX+l1Wrl3k63h/KrH+nhJ0XvQ==}

  has-flag@4.0.0:
    resolution: {integrity: sha512-EykJT/Q1KjTWctppgIAgfSO0tKVuZUjhgMr17kqTumMl6Afv3EISleU7qZUzoXDFTAHTDC4NOoG/ZxU3EvlMPQ==}
    engines: {node: '>=8'}

  hasown@2.0.3:
    resolution: {integrity: sha512-ej4AhfhfL2Q2zpMmLo7U1Uv9+PyhIZpgQLGT1F9miIGmiCJIoCgSmczFdrc97mWT4kVY72KA+WnnhJ5pghSvSg==}
    engines: {node: '>= 0.4'}

  hosted-git-info@6.1.3:
    resolution: {integrity: sha512-HVJyzUrLIL1c0QmviVh5E8VGyUS7xCFPS6yydaVd1UegW+ibV/CohqTH9MkOLDp5o+rb82DMo77PTuc9F/8GKw==}
    engines: {node: ^14.17.0 || ^16.13.0 || >=18.0.0}

  ids@3.0.2:
    resolution: {integrity: sha512-t6YJP4mdC+GHF96Nbis/4FEANhP/8VWmYMvUuYpXvSdrhg5hpIVbq2XZlOA3UWTbtdwPCi0q7jEXOdHkAnqOnw==}
    engines: {node: '>= 20.12'}

  is-core-module@2.16.1:
    resolution: {integrity: sha512-UfoeMA6fIJ8wTYFEUjelnaGI67v6+N7qXJEvQuIGa99l4xsCruSYOVSQ0uPANn4dAzm8lkYPaKLrrijLq7x23w==}
    engines: {node: '>= 0.4'}

  is-fullwidth-code-point@3.0.0:
    resolution: {integrity: sha512-zymm5+u+sCsSWyD9qNaejV3DFvhCKclKdizYaJUuHA83RLjb7nSuGnddCHGv0hk+KY7BMAlsWeK4Ueg6EV6XQg==}
    engines: {node: '>=8'}

  isexe@2.0.0:
    resolution: {integrity: sha512-RHxMLp9lnKHGHRng9QFhRCMbYAcVpn69smSGcq3f36xjgVVWThj4qqLbTLlq7Ssj8B+fIQ1EuCEGI2lKsyQeIw==}

  jackspeak@3.4.3:
    resolution: {integrity: sha512-OGlZQpz2yfahA/Rd1Y8Cd9SIEsqvXkLVoSw/cgwhnhFMDbsQFeZYoJJ7bIZBS9BcamUW96asq/npPWugM+RQBw==}

  js-yaml@4.1.1:
    resolution: {integrity: sha512-qQKT4zQxXl8lLwBtHMWwaTcGfFOZviOJet3Oy/xmGk2gZH677CJM9EvtfdSkgWcATZhj/55JZ0rmy3myCT5lsA==}
    hasBin: true

  json-parse-even-better-errors@3.0.2:
    resolution: {integrity: sha512-fi0NG4bPjCHunUJffmLd0gxssIgkNmArMvis4iNah6Owg1MCJjWhEcDLmsK6iGkJq3tHwbDkTlce70/tmXN4cQ==}
    engines: {node: ^14.17.0 || ^16.13.0 || >=18.0.0}

  license-checker-rseidelsohn@4.4.2:
    resolution: {integrity: sha512-Sf8WaJhd2vELvCne+frS9AXqnY/vv591s2/nZcJDwTnoNgltG4mAmoenffVb8L2YPRYbxARLyrHJBC38AVfpuA==}
    engines: {node: '>=18', npm: '>=8'}
    hasBin: true

  lodash.clonedeep@4.5.0:
    resolution: {integrity: sha512-H5ZhCF25riFd9uB5UCkVKo61m3S/xZk1x4wA6yp/L3RFP6Z/eHH1ymQcGLo7J3GMPfm0V/7m1tryHuGVxpqEBQ==}

  lodash@4.18.1:
    resolution: {integrity: sha512-dMInicTPVE8d1e5otfwmmjlxkZoUpiVLwyeTdUsi/Caj/gfzzblBcCE5sRHV/AsjuCmxWrte2TNGSYuCeCq+0Q==}

  lru-cache@10.4.3:
    resolution: {integrity: sha512-JNAzZcXrCt42VGLuYz0zfAzDfAvJWW6AfYlDBQyDV5DClI2m5sAmK+OIO7s59XfsRsWHp02jAJrRadPRGTt6SQ==}

  lru-cache@7.18.3:
    resolution: {integrity: sha512-jumlc0BIUrS3qJGgIkWZsyfAM7NCWiBcCDhnd+3NNM5KbBmLTgHVfWBcg6W+rLUsIpzpERPsvwUP7CckAQSOoA==}
    engines: {node: '>=12'}

  luxon@3.7.2:
    resolution: {integrity: sha512-vtEhXh/gNjI9Yg1u4jX/0YVPMvxzHuGgCm6tC5kZyb08yjGWGnqAjGJvcXbqQR2P3MyMEFnRbpcdFS6PBcLqew==}
    engines: {node: '>=12'}

  marked@17.0.6:
    resolution: {integrity: sha512-gB0gkNafnonOw0obSTEGZTT86IuhILt2Wfx0mWH/1Au83kybTayroZ/V6nS25mN7u8ASy+5fMhgB3XPNrOZdmA==}
    engines: {node: '>= 20'}
    hasBin: true

  min-dash@5.0.0:
    resolution: {integrity: sha512-EGuoBnVL7/Fnv2sqakpX5WGmZehZ3YMmLayT7sM8E9DRU74kkeyMg4Rik1lsOkR2GbFNeBca4/L+UfU6gF0Edw==}

  min-dom@5.3.0:
    resolution: {integrity: sha512-0w5FEBgPAyHhmFojW3zxd7we3D+m5XYS3E/06OyvxmbHJoiQVa4Nagj6RWvoAKYRw5xth6cP5TMePc5cR1M9hA==}

  minimatch@9.0.9:
    resolution: {integrity: sha512-OBwBN9AL4dqmETlpS2zasx+vTeWclWzkblfZk7KTA5j3jeOONz/tRCnZomUyvNg83wL5Zv9Ss6HMJXAgL8R2Yg==}
    engines: {node: '>=16 || 14 >=14.17'}

  minipass@7.1.3:
    resolution: {integrity: sha512-tEBHqDnIoM/1rXME1zgka9g6Q2lcoCkxHLuc7ODJ5BxbP5d4c2Z5cGgtXAku59200Cx7diuHTOYfSBD8n6mm8A==}
    engines: {node: '>=16 || 14 >=14.17'}

  mitt@3.0.1:
    resolution: {integrity: sha512-vKivATfr97l2/QBCYAkXYDbrIWPM2IIKEl7YPhjCvKlG3kE2gm+uBo6nEXK3M5/Ffh/FLpKExzOQ3JJoJGFKBw==}

  mkdirp@1.0.4:
    resolution: {integrity: sha512-vVqVZQyf3WLx2Shd0qJ9xuvqgAyKPLAiqITEtqW0oIUjzo3PePDd6fW9iFz30ef7Ysp/oiWqbhszeGWW2T6Gzw==}
    engines: {node: '>=10'}
    hasBin: true

  ms@2.1.3:
    resolution: {integrity: sha512-6FlzubTLZG3J2a/NVCAleEhjzq5oxgHyaCU9yYXvcLsvoVaHJq/s5xXI6/XXP6tz7R9xAOtHnSO/tXtF3WRTlA==}

  nopt@7.2.1:
    resolution: {integrity: sha512-taM24ViiimT/XntxbPyJQzCG+p4EKOpgD3mxFwW38mGjVUrfERQOeY4EDHjdnptttfHuHQXFx+lTP08Q+mLa/w==}
    engines: {node: ^14.17.0 || ^16.13.0 || >=18.0.0}
    hasBin: true

  normalize-package-data@5.0.0:
    resolution: {integrity: sha512-h9iPVIfrVZ9wVYQnxFgtw1ugSvGEMOlyPWWtm8BMJhnwyEL/FLbYbTY3V3PpjI/BUK67n9PEWDu6eHzu1fB15Q==}
    engines: {node: ^14.17.0 || ^16.13.0 || >=18.0.0}

  npm-normalize-package-bin@3.0.1:
    resolution: {integrity: sha512-dMxCf+zZ+3zeQZXKxmyuCKlIDPGuv8EF940xbkC4kQVDTtqoh6rJFO+JTKSA6/Rwi0getWmtuy4Itup0AMcaDQ==}
    engines: {node: ^14.17.0 || ^16.13.0 || >=18.0.0}

  package-json-from-dist@1.0.1:
    resolution: {integrity: sha512-UEZIS3/by4OC8vL3P2dTXRETpebLI2NiI5vIrjaD/5UtrkFX/tNbwjTSRAGC/+7CAo2pIcBaRgWmcBBHcsaCIw==}

  path-key@3.1.1:
    resolution: {integrity: sha512-ojmeN0qd+y0jszEtoY48r0Peq5dwMEkIlCOu6Q5f41lfkswXuKtYrhgoTpLnyIcHm24Uhqx+5Tqm2InSwLhE6Q==}
    engines: {node: '>=8'}

  path-scurry@1.11.1:
    resolution: {integrity: sha512-Xa4Nw17FS9ApQFJ9umLiJS4orGjm7ZzwUrwamcGQuHSzDyth9boKDaycYdDcZDuqYATXw4HFXgaqWTctW/v1HA==}
    engines: {node: '>=16 || 14 >=14.18'}

  playwright-core@1.59.1:
    resolution: {integrity: sha512-HBV/RJg81z5BiiZ9yPzIiClYV/QMsDCKUyogwH9p3MCP6IYjUFu/MActgYAvK0oWyV9NlwM3GLBjADyWgydVyg==}
    engines: {node: '>=18'}
    hasBin: true

  preact@10.15.1:
    resolution: {integrity: sha512-qs2ansoQEwzNiV5eAcRT1p1EC/dmEzaATVDJNiB3g2sRDWdA7b7MurXdJjB2+/WQktGWZwxvDrnuRFbWuIr64g==}

  preact@10.29.1:
    resolution: {integrity: sha512-gQCLc/vWroE8lIpleXtdJhTFDogTdZG9AjMUpVkDf2iTCNwYNWA+u16dL41TqUDJO4gm2IgrcMv3uTpjd4Pwmg==}

  read-installed-packages@2.0.1:
    resolution: {integrity: sha512-t+fJOFOYaZIjBpTVxiV8Mkt7yQyy4E6MSrrnt5FmPd4enYvpU/9DYGirDmN1XQwkfeuWIhM/iu0t2rm6iSr0CA==}
    engines: {node: ^14.17.0 || ^16.13.0 || >=18.0.0}

  read-package-json@6.0.4:
    resolution: {integrity: sha512-AEtWXYfopBj2z5N5PbkAOeNHRPUg5q+Nen7QLxV8M2zJq1ym6/lCz3fYNTCXe19puu2d06jfHhrP7v/S2PtMMw==}
    engines: {node: ^14.17.0 || ^16.13.0 || >=18.0.0}
    deprecated: This package is no longer supported. Please use @npmcli/package-json instead.

  semver@7.7.4:
    resolution: {integrity: sha512-vFKC2IEtQnVhpT78h1Yp8wzwrf8CM+MzKMHGJZfBtzhZNycRFnXsHk6E5TxIkkMsgNS7mdX3AGB7x2QM2di4lA==}
    engines: {node: '>=10'}
    hasBin: true

  shebang-command@2.0.0:
    resolution: {integrity: sha512-kHxr2zZpYtdmrN1qDjrrX/Z1rR1kG8Dx+gkpK1G4eXmvXswmcE1hTWBWYUzlraYw1/yZp6YuDY77YtvbN0dmDA==}
    engines: {node: '>=8'}

  shebang-regex@3.0.0:
    resolution: {integrity: sha512-7++dFhtcx3353uBaq8DDR4NuxBetBzC7ZQOhmTQInHEd6bSrXdiEyzCvG07Z44UYdLShWUyXt5M/yhz8ekcb1A==}
    engines: {node: '>=8'}

  signal-exit@4.1.0:
    resolution: {integrity: sha512-bzyZ1e88w9O1iNJbKnOlvYTrWPDl46O1bG0D3XInv+9tkPrxrN8jUUTiFlDkkmKWgn1M6CfIA13SuGqOa9Korw==}
    engines: {node: '>=14'}

  slide@1.1.6:
    resolution: {integrity: sha512-NwrtjCg+lZoqhFU8fOwl4ay2ei8PaqCBOUV3/ektPY9trO1yQ1oXEfmHAhKArUVUr/hOHvy5f6AdP17dCM0zMw==}

  spdx-compare@1.0.0:
    resolution: {integrity: sha512-C1mDZOX0hnu0ep9dfmuoi03+eOdDoz2yvK79RxbcrVEG1NO1Ph35yW102DHWKN4pk80nwCgeMmSY5L25VE4D9A==}

  spdx-correct@3.2.0:
    resolution: {integrity: sha512-kN9dJbvnySHULIluDHy32WHRUu3Og7B9sbY7tsFLctQkIqnMh3hErYgdMjTYuqmcXX+lK5T1lnUt3G7zNswmZA==}

  spdx-exceptions@2.5.0:
    resolution: {integrity: sha512-PiU42r+xO4UbUS1buo3LPJkjlO7430Xn5SVAhdpzzsPHsjbYVflnnFdATgabnLude+Cqu25p6N+g2lw/PFsa4w==}

  spdx-expression-parse@3.0.1:
    resolution: {integrity: sha512-cbqHunsQWnJNE6KhVSMsMeH5H/L9EpymbzqTQ3uLwNCLZ1Q481oWaofqH7nO6V07xlXwY6PhQdQ2IedWx/ZK4Q==}

  spdx-license-ids@3.0.23:
    resolution: {integrity: sha512-CWLcCCH7VLu13TgOH+r8p1O/Znwhqv/dbb6lqWy67G+pT1kHmeD/+V36AVb/vq8QMIQwVShJ6Ssl5FPh0fuSdw==}

  spdx-ranges@2.1.1:
    resolution: {integrity: sha512-mcdpQFV7UDAgLpXEE/jOMqvK4LBoO0uTQg0uvXUewmEFhpiZx5yJSZITHB8w1ZahKdhfZqP5GPEOKLyEq5p8XA==}

  spdx-satisfies@5.0.1:
    resolution: {integrity: sha512-Nwor6W6gzFp8XX4neaKQ7ChV4wmpSh2sSDemMFSzHxpTw460jxFYeOn+jq4ybnSSw/5sc3pjka9MQPouksQNpw==}

  string-width@4.2.3:
    resolution: {integrity: sha512-wKyQRQpjJ0sIp62ErSZdGsjMJWsap5oRNihHhu6G7JVO/9jIB6UyevL+tXuOqrng8j/cxKTWyWUwvSTriiZz/g==}
    engines: {node: '>=8'}

  string-width@5.1.2:
    resolution: {integrity: sha512-HnLOCR3vjcY8beoNLtcjZ5/nxn2afmME6lhrDrebokqMap+XbeW8n9TXpPDOqdGK5qcI3oT0GKTW6wC7EMiVqA==}
    engines: {node: '>=12'}

  strip-ansi@6.0.1:
    resolution: {integrity: sha512-Y38VPSHcqkFrCpFnQ9vuSXmquuv5oXOKpGeT6aGrr3o3Gc9AlVa6JBfUSOCnbxGGZF+/0ooI7KrPuUSztUdU5A==}
    engines: {node: '>=8'}

  strip-ansi@7.2.0:
    resolution: {integrity: sha512-yDPMNjp4WyfYBkHnjIRLfca1i6KMyGCtsVgoKe/z1+6vukgaENdgGBZt+ZmKPc4gavvEZ5OgHfHdrazhgNyG7w==}
    engines: {node: '>=12'}

  style-mod@4.1.3:
    resolution: {integrity: sha512-i/n8VsZydrugj3Iuzll8+x/00GH2vnYsk1eomD8QiRrSAeW6ItbCQDtfXCeJHd0iwiNagqjQkvpvREEPtW3IoQ==}

  supports-color@7.2.0:
    resolution: {integrity: sha512-qpCAvRl9stuOHveKsn7HncJRvv501qIacKzQlO/+Lwxc9+0q2wLyv4Dfvt80/DPn2pqOBsJdDiogXGR9+OvwRw==}
    engines: {node: '>=8'}

  tabbable@6.4.0:
    resolution: {integrity: sha512-05PUHKSNE8ou2dwIxTngl4EzcnsCDZGJ/iCLtDflR/SHB/ny14rXc+qU5P4mG9JkusiV7EivzY9Mhm55AzAvCg==}

  ticky@1.0.1:
    resolution: {integrity: sha512-RX35iq/D+lrsqhcPWIazM9ELkjOe30MSeoBHQHSsRwd1YuhJO5ui1K1/R0r7N3mFvbLBs33idw+eR6j+w6i/DA==}

  treeify@1.1.0:
    resolution: {integrity: sha512-1m4RA7xVAJrSGrrXGs0L3YTwyvBs2S8PbRHaLZAkFw7JR8oIFwYtysxlBZhYIa7xSyiYJKZ3iGrrk55cGA3i9A==}
    engines: {node: '>=0.6'}

  typescript@5.9.3:
    resolution: {integrity: sha512-jl1vZzPDinLr9eUt3J/t7V6FgNEw9QjvBPdysz9KfQDD41fQrC2Y4vKQdiaUpFT4bXlb1RHhLpp8wtm6M5TgSw==}
    engines: {node: '>=14.17'}
    hasBin: true

  validate-npm-package-license@3.0.4:
    resolution: {integrity: sha512-DpKm2Ui/xN7/HQKCtpZxoRWBhZ9Z0kqtygG8XCgNQ8ZlDnxuQmWhj566j8fN4Cu3/JmbhsDo7fcAJq4s9h27Ew==}

  w3c-keyname@2.2.8:
    resolution: {integrity: sha512-dpojBhNsCNN7T82Tm7k26A6G9ML3NkhDsnw9n/eoxSRlVBB4CEtIQ/KTCLI2Fwf3ataSXRhYFkQi3SlnFwPvPQ==}

  which@2.0.2:
    resolution: {integrity: sha512-BLI3Tl1TW3Pvl70l3yq3Y64i+awpwXqsGBYWkkqMtnbXgrMD+yj7rhW0kuEDxzJaYXGjEW5ogapKNMEKNMjibA==}
    engines: {node: '>= 8'}
    hasBin: true

  wrap-ansi@7.0.0:
    resolution: {integrity: sha512-YVGIj2kamLSTxw6NsZjoBxfSwsn0ycdesmc4p+Q21c5zPuZ1pl+NfxVdxPtdHvmNVOQ6XSYG4AUtyt/Fi7D16Q==}
    engines: {node: '>=10'}

  wrap-ansi@8.1.0:
    resolution: {integrity: sha512-si7QWI6zUMq56bESFvagtmzMdGOtoxfR+Sez11Mobfc7tm+VkUckk9bW2UeffTGVUbOksxmSw0AA2gs8g71NCQ==}
    engines: {node: '>=12'}

snapshots:

  '@axe-core/playwright@4.11.2(playwright-core@1.59.1)':
    dependencies:
      axe-core: 4.11.3
      playwright-core: 1.59.1

  '@bpmn-io/cm-theme@0.1.0-alpha.2':
    dependencies:
      '@codemirror/language': 6.12.3
      '@codemirror/view': 6.41.0
      '@lezer/highlight': 1.2.3

  '@bpmn-io/draggle@4.1.2':
    dependencies:
      contra: 1.9.4

  '@bpmn-io/feel-editor@2.5.2':
    dependencies:
      '@bpmn-io/feel-lint': 3.1.0
      '@bpmn-io/lang-feel': 3.0.0
      '@camunda/feel-builtins': 1.1.0
      '@codemirror/autocomplete': 6.20.1
      '@codemirror/commands': 6.10.3
      '@codemirror/language': 6.12.3
      '@codemirror/lint': 6.9.5
      '@codemirror/state': 6.6.0
      '@codemirror/view': 6.41.0
      '@lezer/highlight': 1.2.3
      min-dom: 5.3.0
      mitt: 3.0.1

  '@bpmn-io/feel-lint@3.1.0':
    dependencies:
      '@bpmn-io/lezer-feel': 2.3.2
      '@codemirror/language': 6.12.3

  '@bpmn-io/feelin@6.1.0':
    dependencies:
      '@bpmn-io/lezer-feel': 2.3.2
      '@lezer/common': 1.5.2
      luxon: 3.7.2
      min-dash: 5.0.0

  '@bpmn-io/form-js-editor@1.21.2':
    dependencies:
      '@bpmn-io/draggle': 4.1.2
      '@bpmn-io/form-js-viewer': 1.21.2
      '@bpmn-io/properties-panel': 3.40.6
      array-move: 4.0.0
      big.js: 7.0.1
      ids: 3.0.2
      min-dash: 5.0.0
      min-dom: 5.3.0
      preact: 10.15.1

  '@bpmn-io/form-js-viewer@1.21.2':
    dependencies:
      '@bpmn-io/feelin': 6.1.0
      '@carbon/grid': 11.53.0
      big.js: 7.0.1
      classnames: 2.5.1
      didi: 11.0.0
      dompurify: 3.4.0
      feelers: 1.5.1
      flatpickr: 4.6.13
      ids: 3.0.2
      lodash: 4.18.1
      luxon: 3.7.2
      marked: 17.0.6
      min-dash: 5.0.0
      preact: 10.29.1

  '@bpmn-io/lang-feel@3.0.0':
    dependencies:
      '@bpmn-io/lezer-feel': 2.3.2
      '@codemirror/autocomplete': 6.20.1
      '@codemirror/language': 6.12.3
      '@lezer/common': 1.5.2

  '@bpmn-io/lezer-feel@2.3.2':
    dependencies:
      '@lezer/highlight': 1.2.3
      '@lezer/lr': 1.4.10
      min-dash: 5.0.0

  '@bpmn-io/properties-panel@3.40.6':
    dependencies:
      '@bpmn-io/feel-editor': 2.5.2
      '@carbon/icons': 11.78.0
      '@codemirror/view': 6.41.0
      classnames: 2.5.1
      feelers: 1.5.1
      focus-trap: 8.0.1
      min-dash: 5.0.0
      min-dom: 5.3.0

  '@camunda/feel-builtins@1.1.0': {}

  '@carbon/grid@11.53.0':
    dependencies:
      '@carbon/layout': 11.51.0
      '@ibm/telemetry-js': 1.11.0

  '@carbon/icons@11.78.0':
    dependencies:
      '@ibm/telemetry-js': 1.11.0

  '@carbon/layout@11.51.0':
    dependencies:
      '@ibm/telemetry-js': 1.11.0

  '@codemirror/autocomplete@6.20.1':
    dependencies:
      '@codemirror/language': 6.12.3
      '@codemirror/state': 6.6.0
      '@codemirror/view': 6.41.0
      '@lezer/common': 1.5.2

  '@codemirror/commands@6.10.3':
    dependencies:
      '@codemirror/language': 6.12.3
      '@codemirror/state': 6.6.0
      '@codemirror/view': 6.41.0
      '@lezer/common': 1.5.2

  '@codemirror/language@6.12.3':
    dependencies:
      '@codemirror/state': 6.6.0
      '@codemirror/view': 6.41.0
      '@lezer/common': 1.5.2
      '@lezer/highlight': 1.2.3
      '@lezer/lr': 1.4.10
      style-mod: 4.1.3

  '@codemirror/lint@6.9.5':
    dependencies:
      '@codemirror/state': 6.6.0
      '@codemirror/view': 6.41.0
      crelt: 1.0.6

  '@codemirror/state@6.6.0':
    dependencies:
      '@marijn/find-cluster-break': 1.0.2

  '@codemirror/view@6.41.0':
    dependencies:
      '@codemirror/state': 6.6.0
      crelt: 1.0.6
      style-mod: 4.1.3
      w3c-keyname: 2.2.8

  '@ibm/telemetry-js@1.11.0': {}

  '@isaacs/cliui@8.0.2':
    dependencies:
      string-width: 5.1.2
      string-width-cjs: string-width@4.2.3
      strip-ansi: 7.2.0
      strip-ansi-cjs: strip-ansi@6.0.1
      wrap-ansi: 8.1.0
      wrap-ansi-cjs: wrap-ansi@7.0.0

  '@lezer/common@1.5.2': {}

  '@lezer/highlight@1.2.3':
    dependencies:
      '@lezer/common': 1.5.2

  '@lezer/lr@1.4.10':
    dependencies:
      '@lezer/common': 1.5.2

  '@lezer/markdown@1.6.3':
    dependencies:
      '@lezer/common': 1.5.2
      '@lezer/highlight': 1.2.3

  '@marijn/find-cluster-break@1.0.2': {}

  '@npmcli/fs@3.1.1':
    dependencies:
      semver: 7.7.4

  '@pkgjs/parseargs@0.11.0':
    optional: true

  '@types/trusted-types@2.0.7':
    optional: true

  abbrev@2.0.0: {}

  ansi-regex@5.0.1: {}

  ansi-regex@6.2.2: {}

  ansi-styles@4.3.0:
    dependencies:
      color-convert: 2.0.1

  ansi-styles@6.2.3: {}

  argparse@2.0.1: {}

  array-find-index@1.0.2: {}

  array-move@4.0.0: {}

  atoa@1.0.0: {}

  axe-core@4.11.3: {}

  balanced-match@1.0.2: {}

  big.js@7.0.1: {}

  brace-expansion@2.1.0:
    dependencies:
      balanced-match: 1.0.2

  chalk@4.1.2:
    dependencies:
      ansi-styles: 4.3.0
      supports-color: 7.2.0

  classnames@2.5.1: {}

  color-convert@2.0.1:
    dependencies:
      color-name: 1.1.4

  color-name@1.1.4: {}

  contra@1.9.4:
    dependencies:
      atoa: 1.0.0
      ticky: 1.0.1

  crelt@1.0.6: {}

  cross-spawn@7.0.6:
    dependencies:
      path-key: 3.1.1
      shebang-command: 2.0.0
      which: 2.0.2

  debug@4.4.3:
    dependencies:
      ms: 2.1.3

  didi@11.0.0: {}

  domify@3.0.0: {}

  dompurify@3.4.0:
    optionalDependencies:
      '@types/trusted-types': 2.0.7

  eastasianwidth@0.2.0: {}

  emoji-regex@8.0.0: {}

  emoji-regex@9.2.2: {}

  feelers@1.5.1:
    dependencies:
      '@bpmn-io/cm-theme': 0.1.0-alpha.2
      '@bpmn-io/feel-lint': 3.1.0
      '@bpmn-io/feelin': 6.1.0
      '@bpmn-io/lezer-feel': 2.3.2
      '@codemirror/autocomplete': 6.20.1
      '@codemirror/commands': 6.10.3
      '@codemirror/language': 6.12.3
      '@codemirror/lint': 6.9.5
      '@codemirror/state': 6.6.0
      '@codemirror/view': 6.41.0
      '@lezer/common': 1.5.2
      '@lezer/highlight': 1.2.3
      '@lezer/lr': 1.4.10
      '@lezer/markdown': 1.6.3
      min-dom: 5.3.0

  flatpickr@4.6.13: {}

  focus-trap@8.0.1:
    dependencies:
      tabbable: 6.4.0

  foreground-child@3.3.1:
    dependencies:
      cross-spawn: 7.0.6
      signal-exit: 4.1.0

  function-bind@1.1.2: {}

  glob@10.5.0:
    dependencies:
      foreground-child: 3.3.1
      jackspeak: 3.4.3
      minimatch: 9.0.9
      minipass: 7.1.3
      package-json-from-dist: 1.0.1
      path-scurry: 1.11.1

  graceful-fs@4.2.11:
    optional: true

  has-flag@4.0.0: {}

  hasown@2.0.3:
    dependencies:
      function-bind: 1.1.2

  hosted-git-info@6.1.3:
    dependencies:
      lru-cache: 7.18.3

  ids@3.0.2: {}

  is-core-module@2.16.1:
    dependencies:
      hasown: 2.0.3

  is-fullwidth-code-point@3.0.0: {}

  isexe@2.0.0: {}

  jackspeak@3.4.3:
    dependencies:
      '@isaacs/cliui': 8.0.2
    optionalDependencies:
      '@pkgjs/parseargs': 0.11.0

  js-yaml@4.1.1:
    dependencies:
      argparse: 2.0.1

  json-parse-even-better-errors@3.0.2: {}

  license-checker-rseidelsohn@4.4.2:
    dependencies:
      chalk: 4.1.2
      debug: 4.4.3
      lodash.clonedeep: 4.5.0
      mkdirp: 1.0.4
      nopt: 7.2.1
      read-installed-packages: 2.0.1
      semver: 7.7.4
      spdx-correct: 3.2.0
      spdx-expression-parse: 3.0.1
      spdx-satisfies: 5.0.1
      treeify: 1.1.0
    transitivePeerDependencies:
      - supports-color

  lodash.clonedeep@4.5.0: {}

  lodash@4.18.1: {}

  lru-cache@10.4.3: {}

  lru-cache@7.18.3: {}

  luxon@3.7.2: {}

  marked@17.0.6: {}

  min-dash@5.0.0: {}

  min-dom@5.3.0:
    dependencies:
      domify: 3.0.0
      min-dash: 5.0.0

  minimatch@9.0.9:
    dependencies:
      brace-expansion: 2.1.0

  minipass@7.1.3: {}

  mitt@3.0.1: {}

  mkdirp@1.0.4: {}

  ms@2.1.3: {}

  nopt@7.2.1:
    dependencies:
      abbrev: 2.0.0

  normalize-package-data@5.0.0:
    dependencies:
      hosted-git-info: 6.1.3
      is-core-module: 2.16.1
      semver: 7.7.4
      validate-npm-package-license: 3.0.4

  npm-normalize-package-bin@3.0.1: {}

  package-json-from-dist@1.0.1: {}

  path-key@3.1.1: {}

  path-scurry@1.11.1:
    dependencies:
      lru-cache: 10.4.3
      minipass: 7.1.3

  playwright-core@1.59.1: {}

  preact@10.15.1: {}

  preact@10.29.1: {}

  read-installed-packages@2.0.1:
    dependencies:
      '@npmcli/fs': 3.1.1
      debug: 4.4.3
      read-package-json: 6.0.4
      semver: 7.7.4
      slide: 1.1.6
    optionalDependencies:
      graceful-fs: 4.2.11
    transitivePeerDependencies:
      - supports-color

  read-package-json@6.0.4:
    dependencies:
      glob: 10.5.0
      json-parse-even-better-errors: 3.0.2
      normalize-package-data: 5.0.0
      npm-normalize-package-bin: 3.0.1

  semver@7.7.4: {}

  shebang-command@2.0.0:
    dependencies:
      shebang-regex: 3.0.0

  shebang-regex@3.0.0: {}

  signal-exit@4.1.0: {}

  slide@1.1.6: {}

  spdx-compare@1.0.0:
    dependencies:
      array-find-index: 1.0.2
      spdx-expression-parse: 3.0.1
      spdx-ranges: 2.1.1

  spdx-correct@3.2.0:
    dependencies:
      spdx-expression-parse: 3.0.1
      spdx-license-ids: 3.0.23

  spdx-exceptions@2.5.0: {}

  spdx-expression-parse@3.0.1:
    dependencies:
      spdx-exceptions: 2.5.0
      spdx-license-ids: 3.0.23

  spdx-license-ids@3.0.23: {}

  spdx-ranges@2.1.1: {}

  spdx-satisfies@5.0.1:
    dependencies:
      spdx-compare: 1.0.0
      spdx-expression-parse: 3.0.1
      spdx-ranges: 2.1.1

  string-width@4.2.3:
    dependencies:
      emoji-regex: 8.0.0
      is-fullwidth-code-point: 3.0.0
      strip-ansi: 6.0.1

  string-width@5.1.2:
    dependencies:
      eastasianwidth: 0.2.0
      emoji-regex: 9.2.2
      strip-ansi: 7.2.0

  strip-ansi@6.0.1:
    dependencies:
      ansi-regex: 5.0.1

  strip-ansi@7.2.0:
    dependencies:
      ansi-regex: 6.2.2

  style-mod@4.1.3: {}

  supports-color@7.2.0:
    dependencies:
      has-flag: 4.0.0

  tabbable@6.4.0: {}

  ticky@1.0.1: {}

  treeify@1.1.0: {}

  typescript@5.9.3: {}

  validate-npm-package-license@3.0.4:
    dependencies:
      spdx-correct: 3.2.0
      spdx-expression-parse: 3.0.1

  w3c-keyname@2.2.8: {}

  which@2.0.2:
    dependencies:
      isexe: 2.0.0

  wrap-ansi@7.0.0:
    dependencies:
      ansi-styles: 4.3.0
      string-width: 4.2.3
      strip-ansi: 6.0.1

  wrap-ansi@8.1.0:
    dependencies:
      ansi-styles: 6.2.3
      string-width: 5.1.2
      strip-ansi: 7.2.0
